
Microsoft Visual Studio Solution File, Format Version 12.00
Project("{FAE04EC0-301F-11D3-BF4B-00C04F79EFBC}") = "ConsoleApp1", "ConsoleApp1.csproj", "{FF025AE7-9EB2-4F0E-85CE-5EDD690DEEDC}"
EndProject
Global
	GlobalSection(SolutionConfigurationPlatforms) = preSolution
		Debug|Any CPU = Debug|Any CPU
		Release|Any CPU = Release|Any CPU
	EndGlobalSection
	GlobalSection(ProjectConfigurationPlatforms) = postSolution
		{FF025AE7-9EB2-4F0E-85CE-5EDD690DEEDC}.Debug|Any CPU.ActiveCfg = Debug|Any CPU
		{FF025AE7-9EB2-4F0E-85CE-5EDD690DEEDC}.Debug|Any CPU.Build.0 = Debug|Any CPU
		{FF025AE7-9EB2-4F0E-85CE-5EDD690DEEDC}.Release|Any CPU.ActiveCfg = Release|Any CPU
		{FF025AE7-9EB2-4F0E-85CE-5EDD690DEEDC}.Release|Any CPU.Build.0 = Release|Any CPU
	EndGlobalSection
EndGlobal
